<?xml version="1.0" encoding="utf-8"?>
<Project ToolsVersion="4.0" xmlns="http://schemas.microsoft.com/developer/msbuild/2003">
  <ItemGroup>
    <ClCompile Include="Source\Log.cpp">
      <Filter>Utils</Filter>
    </ClCompile>
    <ClCompile Include="Source\External\PugiXml\src\pugixml.cpp">
      <Filter>External\PugiXml</Filter>
    </ClCompile>
    <ClCompile Include="Source\Collider.cpp" />
    <ClCompile Include="Source\ModuleCollisions.cpp" />
    <ClCompile Include="Source\ModuleFadeToBlack.cpp" />
    <ClCompile Include="Source\App.cpp">
      <Filter>Core</Filter>
    </ClCompile>
    <ClCompile Include="Source\Audio.cpp">
      <Filter>Core</Filter>
    </ClCompile>
    <ClCompile Include="Source\Input.cpp">
      <Filter>Core</Filter>
    </ClCompile>
    <ClCompile Include="Source\Main.cpp">
      <Filter>Core</Filter>
    </ClCompile>
    <ClCompile Include="Source\Window.cpp">
      <Filter>Core</Filter>
    </ClCompile>
    <ClCompile Include="Source\Textures.cpp">
      <Filter>Core</Filter>
    </ClCompile>
    <ClCompile Include="Source\Render.cpp">
      <Filter>Core</Filter>
    </ClCompile>
    <ClCompile Include="Source\PerfTimer.cpp">
      <Filter>Timers</Filter>
    </ClCompile>
    <ClCompile Include="Source\Timer.cpp">
      <Filter>Timers</Filter>
    </ClCompile>
    <ClCompile Include="Source\Scene.cpp">
      <Filter>Scenes</Filter>
    </ClCompile>
    <ClCompile Include="Source\ModuleInitialScreen.cpp">
      <Filter>Scenes</Filter>
    </ClCompile>
    <ClCompile Include="Source\DeathScene.cpp">
      <Filter>Scenes</Filter>
    </ClCompile>
    <ClCompile Include="Source\ModuleEntities.cpp" />
    <ClCompile Include="Source\TitleScreen.cpp">
      <Filter>Scenes</Filter>
    </ClCompile>
    <ClCompile Include="Source\WinScreen.cpp">
      <Filter>Scenes</Filter>
    </ClCompile>
    <ClCompile Include="Source\Map.cpp" />
    <ClCompile Include="Source\ModulePlayer.cpp">
      <Filter>Player &amp; HUD</Filter>
    </ClCompile>
    <ClCompile Include="Source\ModuleFonts.cpp">
      <Filter>Core</Filter>
    </ClCompile>
    <ClCompile Include="Source\ModuleHud.cpp">
      <Filter>Player &amp; HUD</Filter>
    </ClCompile>
    <ClCompile Include="Source\ItemHealth.cpp">
      <Filter>Entities</Filter>
    </ClCompile>
    <ClCompile Include="Source\ItemStar.cpp">
      <Filter>Entities</Filter>
    </ClCompile>
    <ClCompile Include="Source\Entity.cpp">
      <Filter>Entities</Filter>
    </ClCompile>
    <ClCompile Include="Source\ModuleParticles.cpp" />
    <ClCompile Include="Source\Particle.cpp">
      <Filter>Particles</Filter>
    </ClCompile>
  </ItemGroup>
  <ItemGroup>
    <ClInclude Include="Source\Defs.h">
      <Filter>Utils</Filter>
    </ClInclude>
    <ClInclude Include="Source\DynArray.h">
      <Filter>Utils</Filter>
    </ClInclude>
    <ClInclude Include="Source\List.h">
      <Filter>Utils</Filter>
    </ClInclude>
    <ClInclude Include="Source\Log.h">
      <Filter>Utils</Filter>
    </ClInclude>
    <ClInclude Include="Source\Point.h">
      <Filter>Utils</Filter>
    </ClInclude>
    <ClInclude Include="Source\SString.h">
      <Filter>Utils</Filter>
    </ClInclude>
    <ClInclude Include="Source\External\PugiXml\src\pugiconfig.hpp">
      <Filter>External\PugiXml</Filter>
    </ClInclude>
    <ClInclude Include="Source\External\PugiXml\src\pugixml.hpp">
      <Filter>External\PugiXml</Filter>
    </ClInclude>
    <ClInclude Include="Source\Queue.h">
      <Filter>Utils</Filter>
    </ClInclude>
    <ClInclude Include="Source\Collider.h" />
    <ClInclude Include="Source\Map.h" />
    <ClInclude Include="Source\ModuleCollisions.h" />
    <ClInclude Include="Source\ModuleFadeToBlack.h" />
    <ClInclude Include="Source\Animation.h">
      <Filter>Utils</Filter>
    </ClInclude>
    <ClInclude Include="Source\App.h">
      <Filter>Core</Filter>
    </ClInclude>
    <ClInclude Include="Source\Audio.h">
      <Filter>Core</Filter>
    </ClInclude>
    <ClInclude Include="Source\Input.h">
      <Filter>Core</Filter>
    </ClInclude>
    <ClInclude Include="Source\Module.h">
      <Filter>Core</Filter>
    </ClInclude>
    <ClInclude Include="Source\Window.h">
      <Filter>Core</Filter>
    </ClInclude>
    <ClInclude Include="Source\Textures.h">
      <Filter>Core</Filter>
    </ClInclude>
    <ClInclude Include="Source\Render.h">
      <Filter>Core</Filter>
    </ClInclude>
    <ClInclude Include="Source\PerfTimer.h">
      <Filter>Timers</Filter>
    </ClInclude>
    <ClInclude Include="Source\Timer.h">
      <Filter>Timers</Filter>
    </ClInclude>
    <ClInclude Include="Source\Scene.h">
      <Filter>Scenes</Filter>
    </ClInclude>
    <ClInclude Include="Source\ModuleInitialScreen.h">
      <Filter>Scenes</Filter>
    </ClInclude>
    <ClInclude Include="Source\DeathScene.h">
      <Filter>Scenes</Filter>
    </ClInclude>
    <ClInclude Include="Source\ModuleEntities.h" />
    <ClInclude Include="Source\TitleScreen.h">
      <Filter>Scenes</Filter>
    </ClInclude>
    <ClInclude Include="Source\WinScreen.h">
      <Filter>Scenes</Filter>
    </ClInclude>
    <ClInclude Include="Source\ModulePlayer.h">
      <Filter>Player &amp; HUD</Filter>
    </ClInclude>
    <ClInclude Include="Source\ModuleFonts.h">
      <Filter>Core</Filter>
    </ClInclude>
    <ClInclude Include="Source\ModuleHud.h">
      <Filter>Player &amp; HUD</Filter>
    </ClInclude>
    <ClInclude Include="Source\ItemHealth.h">
      <Filter>Entities</Filter>
    </ClInclude>
    <ClInclude Include="Source\ItemStar.h">
      <Filter>Entities</Filter>
    </ClInclude>
    <ClInclude Include="Source\Entity.h">
      <Filter>Entities</Filter>
    </ClInclude>
    <ClInclude Include="Source\ModuleParticles.h" />
    <ClInclude Include="Source\Particle.h">
      <Filter>Particles</Filter>
    </ClInclude>
  </ItemGroup>
  <ItemGroup>
    <Filter Include="External">
      <UniqueIdentifier>{83a966c7-b4bb-4eff-9c2c-3ff3c7b55a60}</UniqueIdentifier>
    </Filter>
    <Filter Include="Utils">
      <UniqueIdentifier>{2cad778a-d356-48b0-9fee-587f1bbb187e}</UniqueIdentifier>
    </Filter>
    <Filter Include="External\PugiXml">
      <UniqueIdentifier>{2855ff7f-53a1-413d-a75b-18b4ade921dd}</UniqueIdentifier>
    </Filter>
    <Filter Include="Core">
      <UniqueIdentifier>{0d8c0c55-b862-4490-95cc-50ff18ef3857}</UniqueIdentifier>
    </Filter>
    <Filter Include="Timers">
      <UniqueIdentifier>{26903757-77ab-4627-8d49-4d7164fa4324}</UniqueIdentifier>
    </Filter>
    <Filter Include="Scenes">
      <UniqueIdentifier>{cc2da2b5-566a-4a82-a1fa-8f5983334349}</UniqueIdentifier>
    </Filter>
    <Filter Include="Entities">
      <UniqueIdentifier>{df943ad3-7a0d-4d88-9719-4455e04de3ce}</UniqueIdentifier>
    </Filter>
    <Filter Include="Player &amp; HUD">
      <UniqueIdentifier>{9ea56cda-2ac6-445e-9c37-badacf7bde2a}</UniqueIdentifier>
    </Filter>
    <Filter Include="Particles">
      <UniqueIdentifier>{2cdfb3d9-8e4c-4ad8-b123-1744b2d1afef}</UniqueIdentifier>
    </Filter>
  </ItemGroup>
</Project>